
Microsoft Visual Studio Solution File, Format Version 12.00
# Visual Studio Version 17
VisualStudioVersion = 17.0.32112.339
MinimumVisualStudioVersion = 10.0.40219.1
Project("{2150E333-8FDC-42A3-9474-1A3956D46DE8}") = "Enterprise Business Rules", "Enterprise Business Rules", "{D635EF2C-3091-49C3-8FD9-228AF84699B7}"
EndProject
Project("{9A19103F-16F7-4668-BE54-9A1E7A4F7556}") = "LivingRoom.Entities", "LivingRoom.Entities\LivingRoom.Entities.csproj", "{8F726BB6-B2EE-4870-BC6C-4D9F821D241F}"
EndProject
Project("{2150E333-8FDC-42A3-9474-1A3956D46DE8}") = "InterfaceAdapters", "InterfaceAdapters", "{A83B8F66-8ACC-49A4-8A19-1D1BD68ACF0E}"
EndProject
Project("{2150E333-8FDC-42A3-9474-1A3956D46DE8}") = "Gateways", "Gateways", "{2D61DD6B-943C-42C1-ACFA-91073291C858}"
EndProject
Project("{9A19103F-16F7-4668-BE54-9A1E7A4F7556}") = "LivingRoom.Repositoy", "LivingRoom.Repositoy\LivingRoom.Repositoy.csproj", "{825194BD-28F9-4259-8E86-1BB68BB84CE6}"
EndProject
Project("{2150E333-8FDC-42A3-9474-1A3956D46DE8}") = "Application Business Rules", "Application Business Rules", "{023FE998-4A27-4128-AB9F-5DA37D717F45}"
EndProject
Project("{9A19103F-16F7-4668-BE54-9A1E7A4F7556}") = "LivingRoom.DTOs", "LivingRoom.DTOs\LivingRoom.DTOs.csproj", "{E315F30E-39F9-4529-863B-E1A1BA4C677A}"
EndProject
Project("{9A19103F-16F7-4668-BE54-9A1E7A4F7556}") = "LivingRoom.UseCasesPort", "LivingRoom.UseCasesPort\LivingRoom.UseCasesPort.csproj", "{D31B23E7-0D2B-4564-9886-A3FD816C5DE8}"
EndProject
Project("{9A19103F-16F7-4668-BE54-9A1E7A4F7556}") = "LivingRoom.UseCases", "LivingRoom.UseCases\LivingRoom.UseCases.csproj", "{584BCA45-C36A-4579-B685-41B6FBA2EC8B}"
EndProject
Global
	GlobalSection(SolutionConfigurationPlatforms) = preSolution
		Debug|Any CPU = Debug|Any CPU
		Release|Any CPU = Release|Any CPU
	EndGlobalSection
	GlobalSection(ProjectConfigurationPlatforms) = postSolution
		{8F726BB6-B2EE-4870-BC6C-4D9F821D241F}.Debug|Any CPU.ActiveCfg = Debug|Any CPU
		{8F726BB6-B2EE-4870-BC6C-4D9F821D241F}.Debug|Any CPU.Build.0 = Debug|Any CPU
		{8F726BB6-B2EE-4870-BC6C-4D9F821D241F}.Release|Any CPU.ActiveCfg = Release|Any CPU
		{8F726BB6-B2EE-4870-BC6C-4D9F821D241F}.Release|Any CPU.Build.0 = Release|Any CPU
		{825194BD-28F9-4259-8E86-1BB68BB84CE6}.Debug|Any CPU.ActiveCfg = Debug|Any CPU
		{825194BD-28F9-4259-8E86-1BB68BB84CE6}.Debug|Any CPU.Build.0 = Debug|Any CPU
		{825194BD-28F9-4259-8E86-1BB68BB84CE6}.Release|Any CPU.ActiveCfg = Release|Any CPU
		{825194BD-28F9-4259-8E86-1BB68BB84CE6}.Release|Any CPU.Build.0 = Release|Any CPU
		{E315F30E-39F9-4529-863B-E1A1BA4C677A}.Debug|Any CPU.ActiveCfg = Debug|Any CPU
		{E315F30E-39F9-4529-863B-E1A1BA4C677A}.Debug|Any CPU.Build.0 = Debug|Any CPU
		{E315F30E-39F9-4529-863B-E1A1BA4C677A}.Release|Any CPU.ActiveCfg = Release|Any CPU
		{E315F30E-39F9-4529-863B-E1A1BA4C677A}.Release|Any CPU.Build.0 = Release|Any CPU
		{D31B23E7-0D2B-4564-9886-A3FD816C5DE8}.Debug|Any CPU.ActiveCfg = Debug|Any CPU
		{D31B23E7-0D2B-4564-9886-A3FD816C5DE8}.Debug|Any CPU.Build.0 = Debug|Any CPU
		{D31B23E7-0D2B-4564-9886-A3FD816C5DE8}.Release|Any CPU.ActiveCfg = Release|Any CPU
		{D31B23E7-0D2B-4564-9886-A3FD816C5DE8}.Release|Any CPU.Build.0 = Release|Any CPU
		{584BCA45-C36A-4579-B685-41B6FBA2EC8B}.Debug|Any CPU.ActiveCfg = Debug|Any CPU
		{584BCA45-C36A-4579-B685-41B6FBA2EC8B}.Debug|Any CPU.Build.0 = Debug|Any CPU
		{584BCA45-C36A-4579-B685-41B6FBA2EC8B}.Release|Any CPU.ActiveCfg = Release|Any CPU
		{584BCA45-C36A-4579-B685-41B6FBA2EC8B}.Release|Any CPU.Build.0 = Release|Any CPU
	EndGlobalSection
	GlobalSection(SolutionProperties) = preSolution
		HideSolutionNode = FALSE
	EndGlobalSection
	GlobalSection(NestedProjects) = preSolution
		{8F726BB6-B2EE-4870-BC6C-4D9F821D241F} = {D635EF2C-3091-49C3-8FD9-228AF84699B7}
		{2D61DD6B-943C-42C1-ACFA-91073291C858} = {A83B8F66-8ACC-49A4-8A19-1D1BD68ACF0E}
		{825194BD-28F9-4259-8E86-1BB68BB84CE6} = {2D61DD6B-943C-42C1-ACFA-91073291C858}
		{E315F30E-39F9-4529-863B-E1A1BA4C677A} = {023FE998-4A27-4128-AB9F-5DA37D717F45}
		{D31B23E7-0D2B-4564-9886-A3FD816C5DE8} = {023FE998-4A27-4128-AB9F-5DA37D717F45}
		{584BCA45-C36A-4579-B685-41B6FBA2EC8B} = {023FE998-4A27-4128-AB9F-5DA37D717F45}
	EndGlobalSection
	GlobalSection(ExtensibilityGlobals) = postSolution
		SolutionGuid = {85DE8CCC-E15F-4C24-864B-4C9C73DE5DAA}
	EndGlobalSection
EndGlobal
